github.com/yuin/gopher-lua v1.1.1 h1:kYKnWBjvbNP4XLT3+bPEwAXJx262OhaHDWDVOPjL46M=
github.com/yuin/gopher-lua v1.1.1/go.mod h1:GBR0iDaNXjAgGg9zfCvksxSRnQx76gclCIb7kdAd1Pw=
golang.org/x/oauth2 v0.31.0 h1:8Fq0yVZLh4j4YA47vHKFTa9Ew5XIrCP8LC6UeNZnLxo=
golang.org/x/oauth2 v0.31.0/go.mod h1:lzm5WQJQwKZ3nwavOZ3IS5Aulzxi68dUSgRHujetwEA=
